
Microsoft Visual Studio Solution File, Format Version 12.00
# Visual Studio Version 16
VisualStudioVersion = 16.0.31911.196
MinimumVisualStudioVersion = 10.0.40219.1
Project("{FAE04EC0-301F-11D3-BF4B-00C04F79EFBC}") = "ArduinoProgramlama", "ArduinoProgramlama\ArduinoProgramlama.csproj", "{3FFA8629-4CDF-4207-9436-426CFF37BFDA}"
EndProject
Project("{FAE04EC0-301F-11D3-BF4B-00C04F79EFBC}") = "siniflarim", "siniflarim\siniflarim.csproj", "{18087954-1DFF-4986-B05B-1710B8B27D65}"
EndProject
Project("{FAE04EC0-301F-11D3-BF4B-00C04F79EFBC}") = "VeriTabani", "VeriTabani\VeriTabani.csproj", "{859B1ADA-A79B-4703-985D-DF8BC756294E}"
EndProject
Global
	GlobalSection(SolutionConfigurationPlatforms) = preSolution
		Debug|Any CPU = Debug|Any CPU
		Release|Any CPU = Release|Any CPU
	EndGlobalSection
	GlobalSection(ProjectConfigurationPlatforms) = postSolution
		{3FFA8629-4CDF-4207-9436-426CFF37BFDA}.Debug|Any CPU.ActiveCfg = Debug|Any CPU
		{3FFA8629-4CDF-4207-9436-426CFF37BFDA}.Debug|Any CPU.Build.0 = Debug|Any CPU
		{3FFA8629-4CDF-4207-9436-426CFF37BFDA}.Release|Any CPU.ActiveCfg = Release|Any CPU
		{3FFA8629-4CDF-4207-9436-426CFF37BFDA}.Release|Any CPU.Build.0 = Release|Any CPU
		{18087954-1DFF-4986-B05B-1710B8B27D65}.Debug|Any CPU.ActiveCfg = Debug|Any CPU
		{18087954-1DFF-4986-B05B-1710B8B27D65}.Debug|Any CPU.Build.0 = Debug|Any CPU
		{18087954-1DFF-4986-B05B-1710B8B27D65}.Release|Any CPU.ActiveCfg = Release|Any CPU
		{18087954-1DFF-4986-B05B-1710B8B27D65}.Release|Any CPU.Build.0 = Release|Any CPU
		{859B1ADA-A79B-4703-985D-DF8BC756294E}.Debug|Any CPU.ActiveCfg = Debug|Any CPU
		{859B1ADA-A79B-4703-985D-DF8BC756294E}.Debug|Any CPU.Build.0 = Debug|Any CPU
		{859B1ADA-A79B-4703-985D-DF8BC756294E}.Release|Any CPU.ActiveCfg = Release|Any CPU
		{859B1ADA-A79B-4703-985D-DF8BC756294E}.Release|Any CPU.Build.0 = Release|Any CPU
	EndGlobalSection
	GlobalSection(SolutionProperties) = preSolution
		HideSolutionNode = FALSE
	EndGlobalSection
	GlobalSection(ExtensibilityGlobals) = postSolution
		SolutionGuid = {E48DCD4F-F352-4D60-A5E3-2A5D4014D7DF}
	EndGlobalSection
EndGlobal
